
Microsoft Visual Studio Solution File, Format Version 12.00
# Visual Studio Version 17
VisualStudioVersion = 17.13.35931.197 d17.13
MinimumVisualStudioVersion = 10.0.40219.1
Project("{FAE04EC0-301F-11D3-BF4B-00C04F79EFBC}") = "Foliofy", "Foliofy\Foliofy.csproj", "{69B882DA-EACE-4120-BD26-0F3E53755A5A}"
EndProject
Global
	GlobalSection(SolutionConfigurationPlatforms) = preSolution
		Debug|Any CPU = Debug|Any CPU
		Release|Any CPU = Release|Any CPU
	EndGlobalSection
	GlobalSection(ProjectConfigurationPlatforms) = postSolution
		{69B882DA-EACE-4120-BD26-0F3E53755A5A}.Debug|Any CPU.ActiveCfg = Debug|Any CPU
		{69B882DA-EACE-4120-BD26-0F3E53755A5A}.Debug|Any CPU.Build.0 = Debug|Any CPU
		{69B882DA-EACE-4120-BD26-0F3E53755A5A}.Release|Any CPU.ActiveCfg = Release|Any CPU
		{69B882DA-EACE-4120-BD26-0F3E53755A5A}.Release|Any CPU.Build.0 = Release|Any CPU
	EndGlobalSection
	GlobalSection(SolutionProperties) = preSolution
		HideSolutionNode = FALSE
	EndGlobalSection
	GlobalSection(ExtensibilityGlobals) = postSolution
		SolutionGuid = {D3CC557D-BAB0-4BAF-AAC3-46912B7B7061}
	EndGlobalSection
EndGlobal
